
Microsoft Visual Studio Solution File, Format Version 12.00
# Visual Studio 2013
VisualStudioVersion = 12.0.40629.0
MinimumVisualStudioVersion = 10.0.40219.1
Project("{FAE04EC0-301F-11D3-BF4B-00C04F79EFBC}") = "CORSV2", "CORSV2\CORSV2.csproj", "{DDEFECAA-C50C-4C6B-BA9F-EDABF19CED9C}"
EndProject
Project("{FAE04EC0-301F-11D3-BF4B-00C04F79EFBC}") = "DAL", "DAL\DAL.csproj", "{086F0CC5-8966-4477-B993-EC9E4FE5D3F7}"
EndProject
Project("{FAE04EC0-301F-11D3-BF4B-00C04F79EFBC}") = "Model", "Model\Model.csproj", "{2ED1BECE-C218-456D-A4FA-BE53CBB57085}"
EndProject
Project("{FAE04EC0-301F-11D3-BF4B-00C04F79EFBC}") = "DBUtility", "DBUtility\DBUtility.csproj", "{989EF550-138C-4793-BD8E-45DFD952F850}"
EndProject
Global
	GlobalSection(SolutionConfigurationPlatforms) = preSolution
		Debug|Any CPU = Debug|Any CPU
		Release|Any CPU = Release|Any CPU
	EndGlobalSection
	GlobalSection(ProjectConfigurationPlatforms) = postSolution
		{DDEFECAA-C50C-4C6B-BA9F-EDABF19CED9C}.Debug|Any CPU.ActiveCfg = Debug|Any CPU
		{DDEFECAA-C50C-4C6B-BA9F-EDABF19CED9C}.Debug|Any CPU.Build.0 = Debug|Any CPU
		{DDEFECAA-C50C-4C6B-BA9F-EDABF19CED9C}.Release|Any CPU.ActiveCfg = Release|Any CPU
		{DDEFECAA-C50C-4C6B-BA9F-EDABF19CED9C}.Release|Any CPU.Build.0 = Release|Any CPU
		{086F0CC5-8966-4477-B993-EC9E4FE5D3F7}.Debug|Any CPU.ActiveCfg = Debug|Any CPU
		{086F0CC5-8966-4477-B993-EC9E4FE5D3F7}.Debug|Any CPU.Build.0 = Debug|Any CPU
		{086F0CC5-8966-4477-B993-EC9E4FE5D3F7}.Release|Any CPU.ActiveCfg = Release|Any CPU
		{086F0CC5-8966-4477-B993-EC9E4FE5D3F7}.Release|Any CPU.Build.0 = Release|Any CPU
		{2ED1BECE-C218-456D-A4FA-BE53CBB57085}.Debug|Any CPU.ActiveCfg = Debug|Any CPU
		{2ED1BECE-C218-456D-A4FA-BE53CBB57085}.Debug|Any CPU.Build.0 = Debug|Any CPU
		{2ED1BECE-C218-456D-A4FA-BE53CBB57085}.Release|Any CPU.ActiveCfg = Release|Any CPU
		{2ED1BECE-C218-456D-A4FA-BE53CBB57085}.Release|Any CPU.Build.0 = Release|Any CPU
		{989EF550-138C-4793-BD8E-45DFD952F850}.Debug|Any CPU.ActiveCfg = Debug|Any CPU
		{989EF550-138C-4793-BD8E-45DFD952F850}.Debug|Any CPU.Build.0 = Debug|Any CPU
		{989EF550-138C-4793-BD8E-45DFD952F850}.Release|Any CPU.ActiveCfg = Release|Any CPU
		{989EF550-138C-4793-BD8E-45DFD952F850}.Release|Any CPU.Build.0 = Release|Any CPU
	EndGlobalSection
	GlobalSection(SolutionProperties) = preSolution
		HideSolutionNode = FALSE
	EndGlobalSection
EndGlobal
